// !$*UTF8*$!
{
	archiveVersion = 1;
	classes = {
	};
	objectVersion = 51;
	objects = {

/* Begin PBXBuildFile section */
		B7C49D69804C4EA3B9AA5C13 /* Pods_PadeLovers.framework in Frameworks */ = {isa = PBXBuildFile; fileRef = BBB530121C8F675D2684E078 /* Pods_PadeLovers.framework */; };
		E40F93E626717A3600231511 /* Court+CoreDataClass.swift in Sources */ = {isa = PBXBuildFile; fileRef = E40F93D826717A3600231511 /* Court+CoreDataClass.swift */; };
		E40F93E726717A3600231511 /* Court+CoreDataProperties.swift in Sources */ = {isa = PBXBuildFile; fileRef = E40F93D926717A3600231511 /* Court+CoreDataProperties.swift */; };
		E40F93E826717A3600231511 /* Score+CoreDataClass.swift in Sources */ = {isa = PBXBuildFile; fileRef = E40F93DA26717A3600231511 /* Score+CoreDataClass.swift */; };
		E40F93E926717A3600231511 /* Score+CoreDataProperties.swift in Sources */ = {isa = PBXBuildFile; fileRef = E40F93DB26717A3600231511 /* Score+CoreDataProperties.swift */; };
		E40F93EA26717A3600231511 /* PairingB+CoreDataClass.swift in Sources */ = {isa = PBXBuildFile; fileRef = E40F93DC26717A3600231511 /* PairingB+CoreDataClass.swift */; };
		E40F93EB26717A3600231511 /* PairingB+CoreDataProperties.swift in Sources */ = {isa = PBXBuildFile; fileRef = E40F93DD26717A3600231511 /* PairingB+CoreDataProperties.swift */; };
		E40F93EC26717A3600231511 /* PairingA+CoreDataClass.swift in Sources */ = {isa = PBXBuildFile; fileRef = E40F93DE26717A3600231511 /* PairingA+CoreDataClass.swift */; };
		E40F93ED26717A3600231511 /* PairingA+CoreDataProperties.swift in Sources */ = {isa = PBXBuildFile; fileRef = E40F93DF26717A3600231511 /* PairingA+CoreDataProperties.swift */; };
		E40F93EE26717A3600231511 /* Player+CoreDataClass.swift in Sources */ = {isa = PBXBuildFile; fileRef = E40F93E026717A3600231511 /* Player+CoreDataClass.swift */; };
		E40F93EF26717A3600231511 /* Player+CoreDataProperties.swift in Sources */ = {isa = PBXBuildFile; fileRef = E40F93E126717A3600231511 /* Player+CoreDataProperties.swift */; };
		E40F93F026717A3600231511 /* Padel+CoreDataClass.swift in Sources */ = {isa = PBXBuildFile; fileRef = E40F93E226717A3600231511 /* Padel+CoreDataClass.swift */; };
		E40F93F126717A3600231511 /* Padel+CoreDataProperties.swift in Sources */ = {isa = PBXBuildFile; fileRef = E40F93E326717A3600231511 /* Padel+CoreDataProperties.swift */; };
		E40F93F226717A3600231511 /* Game+CoreDataClass.swift in Sources */ = {isa = PBXBuildFile; fileRef = E40F93E426717A3600231511 /* Game+CoreDataClass.swift */; };
		E40F93F326717A3600231511 /* Game+CoreDataProperties.swift in Sources */ = {isa = PBXBuildFile; fileRef = E40F93E526717A3600231511 /* Game+CoreDataProperties.swift */; };
		E40F93FA26718E1600231511 /* EditDataViewController.swift in Sources */ = {isa = PBXBuildFile; fileRef = E40F93F926718E1600231511 /* EditDataViewController.swift */; };
		E40F93FD26718E2700231511 /* EditDataViewModel.swift in Sources */ = {isa = PBXBuildFile; fileRef = E40F93FC26718E2700231511 /* EditDataViewModel.swift */; };
		E40F940226718FDB00231511 /* EditData.storyboard in Resources */ = {isa = PBXBuildFile; fileRef = E40F940126718FDB00231511 /* EditData.storyboard */; };
		E42C89332672022200961EB1 /* GameDataTableViewModel.swift in Sources */ = {isa = PBXBuildFile; fileRef = E42C89322672022200961EB1 /* GameDataTableViewModel.swift */; };
		E42C8937267205D700961EB1 /* GameCreateManager.swift in Sources */ = {isa = PBXBuildFile; fileRef = E42C8936267205D700961EB1 /* GameCreateManager.swift */; };
		E42FAD2F2678AFDB00F9B7DD /* PlayerResultCollectionViewCell.swift in Sources */ = {isa = PBXBuildFile; fileRef = E42FAD2D2678AFDB00F9B7DD /* PlayerResultCollectionViewCell.swift */; };
		E42FAD302678AFDB00F9B7DD /* PlayerResultCollectionViewCell.xib in Resources */ = {isa = PBXBuildFile; fileRef = E42FAD2E2678AFDB00F9B7DD /* PlayerResultCollectionViewCell.xib */; };
		E4313D98254830F30045447F /* GameDataTableViewController.swift in Sources */ = {isa = PBXBuildFile; fileRef = E4313D97254830F30045447F /* GameDataTableViewController.swift */; };
		E4316C84254863BE00EED960 /* SettingTableViewController.swift in Sources */ = {isa = PBXBuildFile; fileRef = E4316C83254863BE00EED960 /* SettingTableViewController.swift */; };
		E4316C862548737D00EED960 /* GamePlayerViewController.swift in Sources */ = {isa = PBXBuildFile; fileRef = E4316C852548737D00EED960 /* GamePlayerViewController.swift */; };
		E4316C882548828F00EED960 /* FixedPairViewController.swift in Sources */ = {isa = PBXBuildFile; fileRef = E4316C872548828F00EED960 /* FixedPairViewController.swift */; };
		E4324F2F2547EDAB00063A9F /* GameTableViewCell.swift in Sources */ = {isa = PBXBuildFile; fileRef = E4324F2D2547EDAB00063A9F /* GameTableViewCell.swift */; };
		E4324F302547EDAB00063A9F /* GameTableViewCell.xib in Resources */ = {isa = PBXBuildFile; fileRef = E4324F2E2547EDAB00063A9F /* GameTableViewCell.xib */; };
		E436135B254B7BAB00A2DB3E /* ReplacePlayerViewController.swift in Sources */ = {isa = PBXBuildFile; fileRef = E436135A254B7BAB00A2DB3E /* ReplacePlayerViewController.swift */; };
		E436135D254BC6EE00A2DB3E /* GameResultViewController.swift in Sources */ = {isa = PBXBuildFile; fileRef = E436135C254BC6EE00A2DB3E /* GameResultViewController.swift */; };
		E439941C2548DBF6007BA523 /* GameDataModel.swift in Sources */ = {isa = PBXBuildFile; fileRef = E439941B2548DBF6007BA523 /* GameDataModel.swift */; };
		E439941F2548DD13007BA523 /* GameDataModelBrain.swift in Sources */ = {isa = PBXBuildFile; fileRef = E439941E2548DD13007BA523 /* GameDataModelBrain.swift */; };
		E43994212548DF26007BA523 /* PadelDataRecordBrain.swift in Sources */ = {isa = PBXBuildFile; fileRef = E43994202548DF26007BA523 /* PadelDataRecordBrain.swift */; };
		E44672AE26455D930092DEFE /* BaseViewController.swift in Sources */ = {isa = PBXBuildFile; fileRef = E44672AD26455D930092DEFE /* BaseViewController.swift */; };
		E44672B4264560000092DEFE /* BaseViewModel.swift in Sources */ = {isa = PBXBuildFile; fileRef = E44672B3264560000092DEFE /* BaseViewModel.swift */; };
		E44672E3264563D30092DEFE /* Const.swift in Sources */ = {isa = PBXBuildFile; fileRef = E44672E2264563D30092DEFE /* Const.swift */; };
		E44672E72645641E0092DEFE /* UIViewController+Common.swift in Sources */ = {isa = PBXBuildFile; fileRef = E44672E62645641E0092DEFE /* UIViewController+Common.swift */; };
		E44672EA2645648D0092DEFE /* UINavigationController+Common.swift in Sources */ = {isa = PBXBuildFile; fileRef = E44672E92645648D0092DEFE /* UINavigationController+Common.swift */; };
		E44672F42645658D0092DEFE /* Menu.storyboard in Resources */ = {isa = PBXBuildFile; fileRef = E44672F32645658D0092DEFE /* Menu.storyboard */; };
		E44672FB264566A30092DEFE /* Setting.storyboard in Resources */ = {isa = PBXBuildFile; fileRef = E44672FA264566A30092DEFE /* Setting.storyboard */; };
		E44672FE2645672B0092DEFE /* BaseTableViewController.swift in Sources */ = {isa = PBXBuildFile; fileRef = E44672FD2645672B0092DEFE /* BaseTableViewController.swift */; };
		E4467307264574190092DEFE /* MenuViewModel.swift in Sources */ = {isa = PBXBuildFile; fileRef = E4467306264574190092DEFE /* MenuViewModel.swift */; };
		E446731A264826230092DEFE /* FixedPair.storyboard in Resources */ = {isa = PBXBuildFile; fileRef = E4467318264826230092DEFE /* FixedPair.storyboard */; };
		E446731F264828D40092DEFE /* FixedPairViewModel.swift in Sources */ = {isa = PBXBuildFile; fileRef = E446731E264828D40092DEFE /* FixedPairViewModel.swift */; };
		E446732D264928C90092DEFE /* UIAleartControllerExtension.swift in Sources */ = {isa = PBXBuildFile; fileRef = E446732C264928C90092DEFE /* UIAleartControllerExtension.swift */; };
		E446733226492AC40092DEFE /* InfoAlertView.swift in Sources */ = {isa = PBXBuildFile; fileRef = E446733126492AC40092DEFE /* InfoAlertView.swift */; };
		E4467337264974650092DEFE /* ReplacePlayer.storyboard in Resources */ = {isa = PBXBuildFile; fileRef = E4467335264974640092DEFE /* ReplacePlayer.storyboard */; };
		E44673592653C6720092DEFE /* GamePlayer.storyboard in Resources */ = {isa = PBXBuildFile; fileRef = E44673572653C6720092DEFE /* GamePlayer.storyboard */; };
		E44673662655229F0092DEFE /* GameResult.storyboard in Resources */ = {isa = PBXBuildFile; fileRef = E44673652655229F0092DEFE /* GameResult.storyboard */; };
		E446736D2655250A0092DEFE /* GameData.storyboard in Resources */ = {isa = PBXBuildFile; fileRef = E446736B2655250A0092DEFE /* GameData.storyboard */; };
		E446737B26554D0C0092DEFE /* GamePlayerViewModel.swift in Sources */ = {isa = PBXBuildFile; fileRef = E446737A26554D0B0092DEFE /* GamePlayerViewModel.swift */; };
		E446737F26554FB20092DEFE /* UIColorExtension.swift in Sources */ = {isa = PBXBuildFile; fileRef = E446737E26554FB20092DEFE /* UIColorExtension.swift */; };
		E451432F266EE5EF00BE6329 /* NSManagedObject+Extensions.swift in Sources */ = {isa = PBXBuildFile; fileRef = E451432E266EE5EF00BE6329 /* NSManagedObject+Extensions.swift */; };
		E4514333266F247300BE6329 /* Player+Additional.swift in Sources */ = {isa = PBXBuildFile; fileRef = E4514332266F247300BE6329 /* Player+Additional.swift */; };
		E452C6ED266A4038009A6EC3 /* Operators.swift in Sources */ = {isa = PBXBuildFile; fileRef = E452C6EC266A4038009A6EC3 /* Operators.swift */; };
		E452C6F0266A4B68009A6EC3 /* PlayersDefine.swift in Sources */ = {isa = PBXBuildFile; fileRef = E452C6EF266A4B68009A6EC3 /* PlayersDefine.swift */; };
		E452C6FE266B46EC009A6EC3 /* NSAttributedStringExtension.swift in Sources */ = {isa = PBXBuildFile; fileRef = E452C6FD266B46EC009A6EC3 /* NSAttributedStringExtension.swift */; };
		E4575096265695590036194F /* PadeLovers.xcdatamodeld in Sources */ = {isa = PBXBuildFile; fileRef = E4575094265695590036194F /* PadeLovers.xcdatamodeld */; };
		E4575099265698C50036194F /* CoreDataManager.swift in Sources */ = {isa = PBXBuildFile; fileRef = E4575098265698C50036194F /* CoreDataManager.swift */; };
		E457509E26569EBB0036194F /* NSPresistentContainerExtension.swift in Sources */ = {isa = PBXBuildFile; fileRef = E457509D26569EBB0036194F /* NSPresistentContainerExtension.swift */; };
		E47F202D2547D56B00996B19 /* AppDelegate.swift in Sources */ = {isa = PBXBuildFile; fileRef = E47F202C2547D56B00996B19 /* AppDelegate.swift */; };
		E47F202F2547D56B00996B19 /* SceneDelegate.swift in Sources */ = {isa = PBXBuildFile; fileRef = E47F202E2547D56B00996B19 /* SceneDelegate.swift */; };
		E47F20312547D56B00996B19 /* MenuViewController.swift in Sources */ = {isa = PBXBuildFile; fileRef = E47F20302547D56B00996B19 /* MenuViewController.swift */; };
		E47F20342547D56B00996B19 /* Game.storyboard in Resources */ = {isa = PBXBuildFile; fileRef = E47F20322547D56B00996B19 /* Game.storyboard */; };
		E47F20362547D56D00996B19 /* Assets.xcassets in Resources */ = {isa = PBXBuildFile; fileRef = E47F20352547D56D00996B19 /* Assets.xcassets */; };
		E47F20392547D56D00996B19 /* LaunchScreen.storyboard in Resources */ = {isa = PBXBuildFile; fileRef = E47F20372547D56D00996B19 /* LaunchScreen.storyboard */; };
		E481F408263AA18300D2B879 /* welcome.gif in Resources */ = {isa = PBXBuildFile; fileRef = E481F407263AA18300D2B879 /* welcome.gif */; };
		E48EE3CD267753E40001E54D /* GameResultViewModel.swift in Sources */ = {isa = PBXBuildFile; fileRef = E48EE3CC267753E40001E54D /* GameResultViewModel.swift */; };
		E498854C267368AE004ECB01 /* Game+Additional.swift in Sources */ = {isa = PBXBuildFile; fileRef = E498854B267368AE004ECB01 /* Game+Additional.swift */; };
		E4E3DA252673AA8F0009D809 /* ReplacePlayerViewModel.swift in Sources */ = {isa = PBXBuildFile; fileRef = E4E3DA242673AA8F0009D809 /* ReplacePlayerViewModel.swift */; };
/* End PBXBuildFile section */

/* Begin PBXFileReference section */
		621A020FB01D3566D822BC7F /* Pods-PadeLovers.debug.xcconfig */ = {isa = PBXFileReference; includeInIndex = 1; lastKnownFileType = text.xcconfig; name = "Pods-PadeLovers.debug.xcconfig"; path = "Target Support Files/Pods-PadeLovers/Pods-PadeLovers.debug.xcconfig"; sourceTree = "<group>"; };
		BBB530121C8F675D2684E078 /* Pods_PadeLovers.framework */ = {isa = PBXFileReference; explicitFileType = wrapper.framework; includeInIndex = 0; path = Pods_PadeLovers.framework; sourceTree = BUILT_PRODUCTS_DIR; };
		E40F93D826717A3600231511 /* Court+CoreDataClass.swift */ = {isa = PBXFileReference; lastKnownFileType = sourcecode.swift; path = "Court+CoreDataClass.swift"; sourceTree = SOURCE_ROOT; };
		E40F93D926717A3600231511 /* Court+CoreDataProperties.swift */ = {isa = PBXFileReference; lastKnownFileType = sourcecode.swift; path = "Court+CoreDataProperties.swift"; sourceTree = SOURCE_ROOT; };
		E40F93DA26717A3600231511 /* Score+CoreDataClass.swift */ = {isa = PBXFileReference; lastKnownFileType = sourcecode.swift; path = "Score+CoreDataClass.swift"; sourceTree = SOURCE_ROOT; };
		E40F93DB26717A3600231511 /* Score+CoreDataProperties.swift */ = {isa = PBXFileReference; lastKnownFileType = sourcecode.swift; path = "Score+CoreDataProperties.swift"; sourceTree = SOURCE_ROOT; };
		E40F93DC26717A3600231511 /* PairingB+CoreDataClass.swift */ = {isa = PBXFileReference; lastKnownFileType = sourcecode.swift; path = "PairingB+CoreDataClass.swift"; sourceTree = SOURCE_ROOT; };
		E40F93DD26717A3600231511 /* PairingB+CoreDataProperties.swift */ = {isa = PBXFileReference; lastKnownFileType = sourcecode.swift; path = "PairingB+CoreDataProperties.swift"; sourceTree = SOURCE_ROOT; };
		E40F93DE26717A3600231511 /* PairingA+CoreDataClass.swift */ = {isa = PBXFileReference; lastKnownFileType = sourcecode.swift; path = "PairingA+CoreDataClass.swift"; sourceTree = SOURCE_ROOT; };
		E40F93DF26717A3600231511 /* PairingA+CoreDataProperties.swift */ = {isa = PBXFileReference; lastKnownFileType = sourcecode.swift; path = "PairingA+CoreDataProperties.swift"; sourceTree = SOURCE_ROOT; };
		E40F93E026717A3600231511 /* Player+CoreDataClass.swift */ = {isa = PBXFileReference; lastKnownFileType = sourcecode.swift; path = "Player+CoreDataClass.swift"; sourceTree = SOURCE_ROOT; };
		E40F93E126717A3600231511 /* Player+CoreDataProperties.swift */ = {isa = PBXFileReference; lastKnownFileType = sourcecode.swift; path = "Player+CoreDataProperties.swift"; sourceTree = SOURCE_ROOT; };
		E40F93E226717A3600231511 /* Padel+CoreDataClass.swift */ = {isa = PBXFileReference; lastKnownFileType = sourcecode.swift; path = "Padel+CoreDataClass.swift"; sourceTree = SOURCE_ROOT; };
		E40F93E326717A3600231511 /* Padel+CoreDataProperties.swift */ = {isa = PBXFileReference; lastKnownFileType = sourcecode.swift; path = "Padel+CoreDataProperties.swift"; sourceTree = SOURCE_ROOT; };
		E40F93E426717A3600231511 /* Game+CoreDataClass.swift */ = {isa = PBXFileReference; lastKnownFileType = sourcecode.swift; path = "Game+CoreDataClass.swift"; sourceTree = SOURCE_ROOT; };
		E40F93E526717A3600231511 /* Game+CoreDataProperties.swift */ = {isa = PBXFileReference; lastKnownFileType = sourcecode.swift; path = "Game+CoreDataProperties.swift"; sourceTree = SOURCE_ROOT; };
		E40F93F926718E1600231511 /* EditDataViewController.swift */ = {isa = PBXFileReference; lastKnownFileType = sourcecode.swift; path = EditDataViewController.swift; sourceTree = "<group>"; };
		E40F93FC26718E2700231511 /* EditDataViewModel.swift */ = {isa = PBXFileReference; lastKnownFileType = sourcecode.swift; path = EditDataViewModel.swift; sourceTree = "<group>"; };
		E40F940126718FDB00231511 /* EditData.storyboard */ = {isa = PBXFileReference; lastKnownFileType = file.storyboard; path = EditData.storyboard; sourceTree = "<group>"; };
		E42C89322672022200961EB1 /* GameDataTableViewModel.swift */ = {isa = PBXFileReference; lastKnownFileType = sourcecode.swift; path = GameDataTableViewModel.swift; sourceTree = "<group>"; };
		E42C8936267205D700961EB1 /* GameCreateManager.swift */ = {isa = PBXFileReference; lastKnownFileType = sourcecode.swift; path = GameCreateManager.swift; sourceTree = "<group>"; };
		E42FAD2D2678AFDB00F9B7DD /* PlayerResultCollectionViewCell.swift */ = {isa = PBXFileReference; lastKnownFileType = sourcecode.swift; path = PlayerResultCollectionViewCell.swift; sourceTree = "<group>"; };
		E42FAD2E2678AFDB00F9B7DD /* PlayerResultCollectionViewCell.xib */ = {isa = PBXFileReference; lastKnownFileType = file.xib; path = PlayerResultCollectionViewCell.xib; sourceTree = "<group>"; };
		E4313D97254830F30045447F /* GameDataTableViewController.swift */ = {isa = PBXFileReference; lastKnownFileType = sourcecode.swift; path = GameDataTableViewController.swift; sourceTree = "<group>"; };
		E4316C83254863BE00EED960 /* SettingTableViewController.swift */ = {isa = PBXFileReference; lastKnownFileType = sourcecode.swift; path = SettingTableViewController.swift; sourceTree = "<group>"; };
		E4316C852548737D00EED960 /* GamePlayerViewController.swift */ = {isa = PBXFileReference; lastKnownFileType = sourcecode.swift; path = GamePlayerViewController.swift; sourceTree = "<group>"; };
		E4316C872548828F00EED960 /* FixedPairViewController.swift */ = {isa = PBXFileReference; lastKnownFileType = sourcecode.swift; path = FixedPairViewController.swift; sourceTree = "<group>"; };
		E4324F2D2547EDAB00063A9F /* GameTableViewCell.swift */ = {isa = PBXFileReference; lastKnownFileType = sourcecode.swift; path = GameTableViewCell.swift; sourceTree = "<group>"; };
		E4324F2E2547EDAB00063A9F /* GameTableViewCell.xib */ = {isa = PBXFileReference; lastKnownFileType = file.xib; path = GameTableViewCell.xib; sourceTree = "<group>"; };
		E436135A254B7BAB00A2DB3E /* ReplacePlayerViewController.swift */ = {isa = PBXFileReference; lastKnownFileType = sourcecode.swift; path = ReplacePlayerViewController.swift; sourceTree = "<group>"; };
		E436135C254BC6EE00A2DB3E /* GameResultViewController.swift */ = {isa = PBXFileReference; lastKnownFileType = sourcecode.swift; path = GameResultViewController.swift; sourceTree = "<group>"; };
		E439941B2548DBF6007BA523 /* GameDataModel.swift */ = {isa = PBXFileReference; lastKnownFileType = sourcecode.swift; path = GameDataModel.swift; sourceTree = "<group>"; };
		E439941E2548DD13007BA523 /* GameDataModelBrain.swift */ = {isa = PBXFileReference; lastKnownFileType = sourcecode.swift; path = GameDataModelBrain.swift; sourceTree = "<group>"; };
		E43994202548DF26007BA523 /* PadelDataRecordBrain.swift */ = {isa = PBXFileReference; lastKnownFileType = sourcecode.swift; path = PadelDataRecordBrain.swift; sourceTree = "<group>"; };
		E44672AD26455D930092DEFE /* BaseViewController.swift */ = {isa = PBXFileReference; lastKnownFileType = sourcecode.swift; path = BaseViewController.swift; sourceTree = "<group>"; };
		E44672B3264560000092DEFE /* BaseViewModel.swift */ = {isa = PBXFileReference; lastKnownFileType = sourcecode.swift; path = BaseViewModel.swift; sourceTree = "<group>"; };
		E44672E2264563D30092DEFE /* Const.swift */ = {isa = PBXFileReference; lastKnownFileType = sourcecode.swift; path = Const.swift; sourceTree = "<group>"; };
		E44672E62645641E0092DEFE /* UIViewController+Common.swift */ = {isa = PBXFileReference; lastKnownFileType = sourcecode.swift; path = "UIViewController+Common.swift"; sourceTree = "<group>"; };
		E44672E92645648D0092DEFE /* UINavigationController+Common.swift */ = {isa = PBXFileReference; lastKnownFileType = sourcecode.swift; path = "UINavigationController+Common.swift"; sourceTree = "<group>"; };
		E44672F32645658D0092DEFE /* Menu.storyboard */ = {isa = PBXFileReference; fileEncoding = 4; lastKnownFileType = file.storyboard; path = Menu.storyboard; sourceTree = "<group>"; };
		E44672FA264566A30092DEFE /* Setting.storyboard */ = {isa = PBXFileReference; fileEncoding = 4; lastKnownFileType = file.storyboard; path = Setting.storyboard; sourceTree = SOURCE_ROOT; };
		E44672FD2645672B0092DEFE /* BaseTableViewController.swift */ = {isa = PBXFileReference; lastKnownFileType = sourcecode.swift; path = BaseTableViewController.swift; sourceTree = "<group>"; };
		E4467306264574190092DEFE /* MenuViewModel.swift */ = {isa = PBXFileReference; lastKnownFileType = sourcecode.swift; path = MenuViewModel.swift; sourceTree = "<group>"; };
		E4467319264826230092DEFE /* Base */ = {isa = PBXFileReference; lastKnownFileType = file.storyboard; name = Base; path = PadeLovers/Screen/Game/Base.lproj/FixedPair.storyboard; sourceTree = SOURCE_ROOT; };
		E446731E264828D40092DEFE /* FixedPairViewModel.swift */ = {isa = PBXFileReference; lastKnownFileType = sourcecode.swift; path = FixedPairViewModel.swift; sourceTree = "<group>"; };
		E446732C264928C90092DEFE /* UIAleartControllerExtension.swift */ = {isa = PBXFileReference; lastKnownFileType = sourcecode.swift; path = UIAleartControllerExtension.swift; sourceTree = "<group>"; };
		E446733126492AC40092DEFE /* InfoAlertView.swift */ = {isa = PBXFileReference; lastKnownFileType = sourcecode.swift; path = InfoAlertView.swift; sourceTree = "<group>"; };
		E4467336264974650092DEFE /* Base */ = {isa = PBXFileReference; lastKnownFileType = file.storyboard; name = Base; path = Base.lproj/ReplacePlayer.storyboard; sourceTree = "<group>"; };
		E44673582653C6720092DEFE /* Base */ = {isa = PBXFileReference; lastKnownFileType = file.storyboard; name = Base; path = Base.lproj/GamePlayer.storyboard; sourceTree = "<group>"; };
		E44673652655229F0092DEFE /* GameResult.storyboard */ = {isa = PBXFileReference; fileEncoding = 4; lastKnownFileType = file.storyboard; path = GameResult.storyboard; sourceTree = "<group>"; };
		E446736C2655250A0092DEFE /* Base */ = {isa = PBXFileReference; lastKnownFileType = file.storyboard; name = Base; path = PadeLovers/Screen/Game/Base.lproj/GameData.storyboard; sourceTree = SOURCE_ROOT; };
		E446737A26554D0B0092DEFE /* GamePlayerViewModel.swift */ = {isa = PBXFileReference; lastKnownFileType = sourcecode.swift; path = GamePlayerViewModel.swift; sourceTree = "<group>"; };
		E446737E26554FB20092DEFE /* UIColorExtension.swift */ = {isa = PBXFileReference; lastKnownFileType = sourcecode.swift; path = UIColorExtension.swift; sourceTree = "<group>"; };
		E451432E266EE5EF00BE6329 /* NSManagedObject+Extensions.swift */ = {isa = PBXFileReference; lastKnownFileType = sourcecode.swift; path = "NSManagedObject+Extensions.swift"; sourceTree = "<group>"; };
		E4514332266F247300BE6329 /* Player+Additional.swift */ = {isa = PBXFileReference; lastKnownFileType = sourcecode.swift; path = "Player+Additional.swift"; sourceTree = "<group>"; };
		E452C6EC266A4038009A6EC3 /* Operators.swift */ = {isa = PBXFileReference; lastKnownFileType = sourcecode.swift; path = Operators.swift; sourceTree = "<group>"; };
		E452C6EF266A4B68009A6EC3 /* PlayersDefine.swift */ = {isa = PBXFileReference; lastKnownFileType = sourcecode.swift; path = PlayersDefine.swift; sourceTree = "<group>"; };
		E452C6FD266B46EC009A6EC3 /* NSAttributedStringExtension.swift */ = {isa = PBXFileReference; lastKnownFileType = sourcecode.swift; path = NSAttributedStringExtension.swift; sourceTree = "<group>"; };
		E4575095265695590036194F /* PadeLovers.xcdatamodel */ = {isa = PBXFileReference; lastKnownFileType = wrapper.xcdatamodel; path = PadeLovers.xcdatamodel; sourceTree = "<group>"; };
		E4575098265698C50036194F /* CoreDataManager.swift */ = {isa = PBXFileReference; lastKnownFileType = sourcecode.swift; path = CoreDataManager.swift; sourceTree = "<group>"; };
		E457509D26569EBB0036194F /* NSPresistentContainerExtension.swift */ = {isa = PBXFileReference; lastKnownFileType = sourcecode.swift; path = NSPresistentContainerExtension.swift; sourceTree = "<group>"; };
		E47F20292547D56B00996B19 /* PadeLovers.app */ = {isa = PBXFileReference; explicitFileType = wrapper.application; includeInIndex = 0; path = PadeLovers.app; sourceTree = BUILT_PRODUCTS_DIR; };
		E47F202C2547D56B00996B19 /* AppDelegate.swift */ = {isa = PBXFileReference; lastKnownFileType = sourcecode.swift; path = AppDelegate.swift; sourceTree = "<group>"; };
		E47F202E2547D56B00996B19 /* SceneDelegate.swift */ = {isa = PBXFileReference; lastKnownFileType = sourcecode.swift; path = SceneDelegate.swift; sourceTree = "<group>"; };
		E47F20302547D56B00996B19 /* MenuViewController.swift */ = {isa = PBXFileReference; lastKnownFileType = sourcecode.swift; path = MenuViewController.swift; sourceTree = "<group>"; };
		E47F20332547D56B00996B19 /* Base */ = {isa = PBXFileReference; lastKnownFileType = file.storyboard; name = Base; path = Base.lproj/Game.storyboard; sourceTree = "<group>"; };
		E47F20352547D56D00996B19 /* Assets.xcassets */ = {isa = PBXFileReference; lastKnownFileType = folder.assetcatalog; path = Assets.xcassets; sourceTree = "<group>"; };
		E47F20382547D56D00996B19 /* Base */ = {isa = PBXFileReference; lastKnownFileType = file.storyboard; name = Base; path = Base.lproj/LaunchScreen.storyboard; sourceTree = "<group>"; };
		E47F203A2547D56D00996B19 /* Info.plist */ = {isa = PBXFileReference; lastKnownFileType = text.plist.xml; path = Info.plist; sourceTree = "<group>"; };
		E481F407263AA18300D2B879 /* welcome.gif */ = {isa = PBXFileReference; lastKnownFileType = image.gif; path = welcome.gif; sourceTree = "<group>"; };
		E48EE3CC267753E40001E54D /* GameResultViewModel.swift */ = {isa = PBXFileReference; lastKnownFileType = sourcecode.swift; path = GameResultViewModel.swift; sourceTree = "<group>"; };
		E498854B267368AE004ECB01 /* Game+Additional.swift */ = {isa = PBXFileReference; lastKnownFileType = sourcecode.swift; path = "Game+Additional.swift"; sourceTree = "<group>"; };
		E4E3DA242673AA8F0009D809 /* ReplacePlayerViewModel.swift */ = {isa = PBXFileReference; lastKnownFileType = sourcecode.swift; path = ReplacePlayerViewModel.swift; sourceTree = "<group>"; };
		E8911760E1ABF8DB5F2D01DD /* Pods-PadeLovers.release.xcconfig */ = {isa = PBXFileReference; includeInIndex = 1; lastKnownFileType = text.xcconfig; name = "Pods-PadeLovers.release.xcconfig"; path = "Target Support Files/Pods-PadeLovers/Pods-PadeLovers.release.xcconfig"; sourceTree = "<group>"; };
/* End PBXFileReference section */

/* Begin PBXFrameworksBuildPhase section */
		E47F20262547D56B00996B19 /* Frameworks */ = {
			isa = PBXFrameworksBuildPhase;
			buildActionMask = 2147483647;
			files = (
				B7C49D69804C4EA3B9AA5C13 /* Pods_PadeLovers.framework in Frameworks */,
			);
			runOnlyForDeploymentPostprocessing = 0;
		};
/* End PBXFrameworksBuildPhase section */

/* Begin PBXGroup section */
		074D8F64121C7F069BC67DF0 /* Pods */ = {
			isa = PBXGroup;
			children = (
				621A020FB01D3566D822BC7F /* Pods-PadeLovers.debug.xcconfig */,
				E8911760E1ABF8DB5F2D01DD /* Pods-PadeLovers.release.xcconfig */,
			);
			path = Pods;
			sourceTree = "<group>";
		};
		09DADB0EF7A374FA46EAE935 /* Frameworks */ = {
			isa = PBXGroup;
			children = (
				BBB530121C8F675D2684E078 /* Pods_PadeLovers.framework */,
			);
			name = Frameworks;
			sourceTree = "<group>";
		};
		E40F93F526718DB600231511 /* EditData */ = {
			isa = PBXGroup;
			children = (
				E40F940126718FDB00231511 /* EditData.storyboard */,
				E40F93F926718E1600231511 /* EditDataViewController.swift */,
				E40F93FC26718E2700231511 /* EditDataViewModel.swift */,
			);
			path = EditData;
			sourceTree = "<group>";
		};
		E42FAD222678AD4900F9B7DD /* ResultCells */ = {
			isa = PBXGroup;
			children = (
				E42FAD2D2678AFDB00F9B7DD /* PlayerResultCollectionViewCell.swift */,
				E42FAD2E2678AFDB00F9B7DD /* PlayerResultCollectionViewCell.xib */,
			);
			path = ResultCells;
			sourceTree = "<group>";
		};
		E44672B026455D9C0092DEFE /* RxBase */ = {
			isa = PBXGroup;
			children = (
				E44672AD26455D930092DEFE /* BaseViewController.swift */,
				E44672B3264560000092DEFE /* BaseViewModel.swift */,
				E44672FD2645672B0092DEFE /* BaseTableViewController.swift */,
			);
			path = RxBase;
			sourceTree = "<group>";
		};
		E44672DE264562770092DEFE /* Screen */ = {
			isa = PBXGroup;
			children = (
				E44672ED264565120092DEFE /* Menu */,
				E44672F82645665E0092DEFE /* Setting */,
				E44673022645686B0092DEFE /* Game */,
			);
			path = Screen;
			sourceTree = "<group>";
		};
		E44672DF264562810092DEFE /* Entity */ = {
			isa = PBXGroup;
			children = (
				E40F93D826717A3600231511 /* Court+CoreDataClass.swift */,
				E40F93D926717A3600231511 /* Court+CoreDataProperties.swift */,
				E40F93DA26717A3600231511 /* Score+CoreDataClass.swift */,
				E40F93DB26717A3600231511 /* Score+CoreDataProperties.swift */,
				E40F93DC26717A3600231511 /* PairingB+CoreDataClass.swift */,
				E40F93DD26717A3600231511 /* PairingB+CoreDataProperties.swift */,
				E40F93DE26717A3600231511 /* PairingA+CoreDataClass.swift */,
				E40F93DF26717A3600231511 /* PairingA+CoreDataProperties.swift */,
				E40F93E026717A3600231511 /* Player+CoreDataClass.swift */,
				E40F93E126717A3600231511 /* Player+CoreDataProperties.swift */,
				E40F93E226717A3600231511 /* Padel+CoreDataClass.swift */,
				E40F93E326717A3600231511 /* Padel+CoreDataProperties.swift */,
				E40F93E426717A3600231511 /* Game+CoreDataClass.swift */,
				E40F93E526717A3600231511 /* Game+CoreDataProperties.swift */,
				E4514331266F244900BE6329 /* Additions */,
				E4575094265695590036194F /* PadeLovers.xcdatamodeld */,
			);
			path = Entity;
			sourceTree = "<group>";
		};
		E44672E0264562970092DEFE /* Common */ = {
			isa = PBXGroup;
			children = (
				E44672E2264563D30092DEFE /* Const.swift */,
			);
			path = Common;
			sourceTree = "<group>";
		};
		E44672E12645629D0092DEFE /* Categories */ = {
			isa = PBXGroup;
			children = (
				E44672E62645641E0092DEFE /* UIViewController+Common.swift */,
				E44672E92645648D0092DEFE /* UINavigationController+Common.swift */,
				E446732C264928C90092DEFE /* UIAleartControllerExtension.swift */,
				E446737E26554FB20092DEFE /* UIColorExtension.swift */,
				E457509D26569EBB0036194F /* NSPresistentContainerExtension.swift */,
				E452C6EC266A4038009A6EC3 /* Operators.swift */,
				E452C6EF266A4B68009A6EC3 /* PlayersDefine.swift */,
				E452C6FD266B46EC009A6EC3 /* NSAttributedStringExtension.swift */,
				E451432E266EE5EF00BE6329 /* NSManagedObject+Extensions.swift */,
			);
			path = Categories;
			sourceTree = "<group>";
		};
		E44672ED264565120092DEFE /* Menu */ = {
			isa = PBXGroup;
			children = (
				E44672F32645658D0092DEFE /* Menu.storyboard */,
				E47F20302547D56B00996B19 /* MenuViewController.swift */,
				E4467306264574190092DEFE /* MenuViewModel.swift */,
			);
			path = Menu;
			sourceTree = "<group>";
		};
		E44672F82645665E0092DEFE /* Setting */ = {
			isa = PBXGroup;
			children = (
				E44672FA264566A30092DEFE /* Setting.storyboard */,
				E4316C83254863BE00EED960 /* SettingTableViewController.swift */,
			);
			path = Setting;
			sourceTree = "<group>";
		};
		E44673022645686B0092DEFE /* Game */ = {
			isa = PBXGroup;
			children = (
				E47F20322547D56B00996B19 /* Game.storyboard */,
				E446735E265520560092DEFE /* GamePlayer */,
				E4467363265521BC0092DEFE /* GameData */,
				E44673692655243C0092DEFE /* GameResult */,
			);
			path = Game;
			sourceTree = "<group>";
		};
		E4467316264825BF0092DEFE /* FixedPair */ = {
			isa = PBXGroup;
			children = (
				E4467318264826230092DEFE /* FixedPair.storyboard */,
				E4316C872548828F00EED960 /* FixedPairViewController.swift */,
				E446731E264828D40092DEFE /* FixedPairViewModel.swift */,
			);
			path = FixedPair;
			sourceTree = "<group>";
		};
		E446733026492A9F0092DEFE /* ViewParts */ = {
			isa = PBXGroup;
			children = (
				E446733126492AC40092DEFE /* InfoAlertView.swift */,
			);
			path = ViewParts;
			sourceTree = "<group>";
		};
		E44673392649747B0092DEFE /* ReplacePlayer */ = {
			isa = PBXGroup;
			children = (
				E4467335264974640092DEFE /* ReplacePlayer.storyboard */,
				E436135A254B7BAB00A2DB3E /* ReplacePlayerViewController.swift */,
				E4E3DA242673AA8F0009D809 /* ReplacePlayerViewModel.swift */,
			);
			path = ReplacePlayer;
			sourceTree = "<group>";
		};
		E446733C2650B48A0092DEFE /* GameCell */ = {
			isa = PBXGroup;
			children = (
				E4324F2E2547EDAB00063A9F /* GameTableViewCell.xib */,
				E4324F2D2547EDAB00063A9F /* GameTableViewCell.swift */,
			);
			path = GameCell;
			sourceTree = "<group>";
		};
		E446735E265520560092DEFE /* GamePlayer */ = {
			isa = PBXGroup;
			children = (
				E44673572653C6720092DEFE /* GamePlayer.storyboard */,
				E4316C852548737D00EED960 /* GamePlayerViewController.swift */,
				E446737A26554D0B0092DEFE /* GamePlayerViewModel.swift */,
				E40F93F526718DB600231511 /* EditData */,
				E4467316264825BF0092DEFE /* FixedPair */,
			);
			path = GamePlayer;
			sourceTree = "<group>";
		};
		E4467363265521BC0092DEFE /* GameData */ = {
			isa = PBXGroup;
			children = (
				E446736B2655250A0092DEFE /* GameData.storyboard */,
				E4313D97254830F30045447F /* GameDataTableViewController.swift */,
				E42C89322672022200961EB1 /* GameDataTableViewModel.swift */,
				E446733C2650B48A0092DEFE /* GameCell */,
				E44673392649747B0092DEFE /* ReplacePlayer */,
			);
			path = GameData;
			sourceTree = "<group>";
		};
		E44673692655243C0092DEFE /* GameResult */ = {
			isa = PBXGroup;
			children = (
				E42FAD222678AD4900F9B7DD /* ResultCells */,
				E44673652655229F0092DEFE /* GameResult.storyboard */,
				E436135C254BC6EE00A2DB3E /* GameResultViewController.swift */,
				E48EE3CC267753E40001E54D /* GameResultViewModel.swift */,
			);
			path = GameResult;
			sourceTree = "<group>";
		};
		E4514331266F244900BE6329 /* Additions */ = {
			isa = PBXGroup;
			children = (
				E4514332266F247300BE6329 /* Player+Additional.swift */,
				E498854B267368AE004ECB01 /* Game+Additional.swift */,
			);
			path = Additions;
			sourceTree = "<group>";
		};
		E457509B26569A8B0036194F /* Service */ = {
			isa = PBXGroup;
			children = (
				E439941B2548DBF6007BA523 /* GameDataModel.swift */,
				E439941E2548DD13007BA523 /* GameDataModelBrain.swift */,
				E43994202548DF26007BA523 /* PadelDataRecordBrain.swift */,
				E4575098265698C50036194F /* CoreDataManager.swift */,
				E42C8936267205D700961EB1 /* GameCreateManager.swift */,
			);
			path = Service;
			sourceTree = "<group>";
		};
		E47F20202547D56B00996B19 = {
			isa = PBXGroup;
			children = (
				E47F202B2547D56B00996B19 /* PadeLovers */,
				E47F202A2547D56B00996B19 /* Products */,
				074D8F64121C7F069BC67DF0 /* Pods */,
				09DADB0EF7A374FA46EAE935 /* Frameworks */,
			);
			sourceTree = "<group>";
		};
		E47F202A2547D56B00996B19 /* Products */ = {
			isa = PBXGroup;
			children = (
				E47F20292547D56B00996B19 /* PadeLovers.app */,
			);
			name = Products;
			sourceTree = "<group>";
		};
		E47F202B2547D56B00996B19 /* PadeLovers */ = {
			isa = PBXGroup;
			children = (
				E47F202C2547D56B00996B19 /* AppDelegate.swift */,
				E47F202E2547D56B00996B19 /* SceneDelegate.swift */,
				E44672DE264562770092DEFE /* Screen */,
				E446733026492A9F0092DEFE /* ViewParts */,
				E44672DF264562810092DEFE /* Entity */,
				E457509B26569A8B0036194F /* Service */,
				E44672E0264562970092DEFE /* Common */,
				E44672E12645629D0092DEFE /* Categories */,
				E44672B026455D9C0092DEFE /* RxBase */,
				E47F20352547D56D00996B19 /* Assets.xcassets */,
				E481F407263AA18300D2B879 /* welcome.gif */,
				E47F20372547D56D00996B19 /* LaunchScreen.storyboard */,
				E47F203A2547D56D00996B19 /* Info.plist */,
			);
			path = PadeLovers;
			sourceTree = "<group>";
		};
/* End PBXGroup section */

/* Begin PBXNativeTarget section */
		E47F20282547D56B00996B19 /* PadeLovers */ = {
			isa = PBXNativeTarget;
			buildConfigurationList = E47F203D2547D56D00996B19 /* Build configuration list for PBXNativeTarget "PadeLovers" */;
			buildPhases = (
				F5BC0ADF6AAA7DBB028FC5BE /* [CP] Check Pods Manifest.lock */,
				E47F20252547D56B00996B19 /* Sources */,
				E47F20262547D56B00996B19 /* Frameworks */,
				E47F20272547D56B00996B19 /* Resources */,
				B70A5C5A315480C27E1CF6B7 /* [CP] Embed Pods Frameworks */,
				E481F411263ABED400D2B879 /* ShellScript */,
				E481F42C263AE57500D2B879 /* ShellScript */,
			);
			buildRules = (
			);
			dependencies = (
			);
			name = PadeLovers;
			productName = PadeLovers;
			productReference = E47F20292547D56B00996B19 /* PadeLovers.app */;
			productType = "com.apple.product-type.application";
		};
/* End PBXNativeTarget section */

/* Begin PBXProject section */
		E47F20212547D56B00996B19 /* Project object */ = {
			isa = PBXProject;
			attributes = {
				LastSwiftUpdateCheck = 1160;
				LastUpgradeCheck = 1220;
				ORGANIZATIONNAME = Yoshitaka;
				TargetAttributes = {
					E47F20282547D56B00996B19 = {
						CreatedOnToolsVersion = 11.6;
					};
				};
			};
			buildConfigurationList = E47F20242547D56B00996B19 /* Build configuration list for PBXProject "PadeLovers" */;
			compatibilityVersion = "Xcode 9.3";
			developmentRegion = en;
			hasScannedForEncodings = 0;
			knownRegions = (
				en,
				Base,
			);
			mainGroup = E47F20202547D56B00996B19;
			productRefGroup = E47F202A2547D56B00996B19 /* Products */;
			projectDirPath = "";
			projectRoot = "";
			targets = (
				E47F20282547D56B00996B19 /* PadeLovers */,
			);
		};
/* End PBXProject section */

/* Begin PBXResourcesBuildPhase section */
		E47F20272547D56B00996B19 /* Resources */ = {
			isa = PBXResourcesBuildPhase;
			buildActionMask = 2147483647;
			files = (
				E40F940226718FDB00231511 /* EditData.storyboard in Resources */,
				E47F20392547D56D00996B19 /* LaunchScreen.storyboard in Resources */,
				E446736D2655250A0092DEFE /* GameData.storyboard in Resources */,
				E44673662655229F0092DEFE /* GameResult.storyboard in Resources */,
				E446731A264826230092DEFE /* FixedPair.storyboard in Resources */,
				E44672F42645658D0092DEFE /* Menu.storyboard in Resources */,
				E44673592653C6720092DEFE /* GamePlayer.storyboard in Resources */,
				E4467337264974650092DEFE /* ReplacePlayer.storyboard in Resources */,
				E4324F302547EDAB00063A9F /* GameTableViewCell.xib in Resources */,
				E481F408263AA18300D2B879 /* welcome.gif in Resources */,
				E47F20362547D56D00996B19 /* Assets.xcassets in Resources */,
				E47F20342547D56B00996B19 /* Game.storyboard in Resources */,
				E42FAD302678AFDB00F9B7DD /* PlayerResultCollectionViewCell.xib in Resources */,
				E44672FB264566A30092DEFE /* Setting.storyboard in Resources */,
			);
			runOnlyForDeploymentPostprocessing = 0;
		};
/* End PBXResourcesBuildPhase section */

/* Begin PBXShellScriptBuildPhase section */
		B70A5C5A315480C27E1CF6B7 /* [CP] Embed Pods Frameworks */ = {
			isa = PBXShellScriptBuildPhase;
			buildActionMask = 2147483647;
			files = (
			);
			inputFileListPaths = (
				"${PODS_ROOT}/Target Support Files/Pods-PadeLovers/Pods-PadeLovers-frameworks-${CONFIGURATION}-input-files.xcfilelist",
			);
			name = "[CP] Embed Pods Frameworks";
			outputFileListPaths = (
				"${PODS_ROOT}/Target Support Files/Pods-PadeLovers/Pods-PadeLovers-frameworks-${CONFIGURATION}-output-files.xcfilelist",
			);
			runOnlyForDeploymentPostprocessing = 0;
			shellPath = /bin/sh;
			shellScript = "\"${PODS_ROOT}/Target Support Files/Pods-PadeLovers/Pods-PadeLovers-frameworks.sh\"\n";
			showEnvVarsInLog = 0;
		};
		E481F411263ABED400D2B879 /* ShellScript */ = {
			isa = PBXShellScriptBuildPhase;
			buildActionMask = 2147483647;
			files = (
			);
			inputFileListPaths = (
			);
			inputPaths = (
			);
			outputFileListPaths = (
			);
			outputPaths = (
			);
			runOnlyForDeploymentPostprocessing = 0;
			shellPath = /bin/sh;
			shellScript = "if which \"${PODS_ROOT}/SwiftLint/swiftlint\" >/dev/null; then\n${PODS_ROOT}/SwiftLint/swiftlint\nelse\necho \"warning: SwiftLint not installed, download from https://github.com/realm/SwiftLint\"\nfi\n";
		};
		E481F42C263AE57500D2B879 /* ShellScript */ = {
			isa = PBXShellScriptBuildPhase;
			buildActionMask = 8;
			files = (
			);
			inputFileListPaths = (
			);
			inputPaths = (
				"$TEMP_DIR/rswift-lastrun",
			);
			outputFileListPaths = (
			);
			outputPaths = (
				$SRCROOT/R.generated.swift,
			);
			runOnlyForDeploymentPostprocessing = 1;
			shellPath = /bin/sh;
			shellScript = "\"$PODS_ROOT/R.swift/rswift\" generate \"$SRCROOT/R.generated.swift\"\n";
		};
		F5BC0ADF6AAA7DBB028FC5BE /* [CP] Check Pods Manifest.lock */ = {
			isa = PBXShellScriptBuildPhase;
			buildActionMask = 2147483647;
			files = (
			);
			inputFileListPaths = (
			);
			inputPaths = (
				"${PODS_PODFILE_DIR_PATH}/Podfile.lock",
				"${PODS_ROOT}/Manifest.lock",
			);
			name = "[CP] Check Pods Manifest.lock";
			outputFileListPaths = (
			);
			outputPaths = (
				"$(DERIVED_FILE_DIR)/Pods-PadeLovers-checkManifestLockResult.txt",
			);
			runOnlyForDeploymentPostprocessing = 0;
			shellPath = /bin/sh;
			shellScript = "diff \"${PODS_PODFILE_DIR_PATH}/Podfile.lock\" \"${PODS_ROOT}/Manifest.lock\" > /dev/null\nif [ $? != 0 ] ; then\n    # print error to STDERR\n    echo \"error: The sandbox is not in sync with the Podfile.lock. Run 'pod install' or update your CocoaPods installation.\" >&2\n    exit 1\nfi\n# This output is used by Xcode 'outputs' to avoid re-running this script phase.\necho \"SUCCESS\" > \"${SCRIPT_OUTPUT_FILE_0}\"\n";
			showEnvVarsInLog = 0;
		};
/* End PBXShellScriptBuildPhase section */

/* Begin PBXSourcesBuildPhase section */
		E47F20252547D56B00996B19 /* Sources */ = {
			isa = PBXSourcesBuildPhase;
			buildActionMask = 2147483647;
			files = (
				E4316C862548737D00EED960 /* GamePlayerViewController.swift in Sources */,
				E44672E3264563D30092DEFE /* Const.swift in Sources */,
				E44672EA2645648D0092DEFE /* UINavigationController+Common.swift in Sources */,
				E4316C84254863BE00EED960 /* SettingTableViewController.swift in Sources */,
				E40F93E826717A3600231511 /* Score+CoreDataClass.swift in Sources */,
				E436135B254B7BAB00A2DB3E /* ReplacePlayerViewController.swift in Sources */,
				E40F93EC26717A3600231511 /* PairingA+CoreDataClass.swift in Sources */,
				E4E3DA252673AA8F0009D809 /* ReplacePlayerViewModel.swift in Sources */,
				E40F93F126717A3600231511 /* Padel+CoreDataProperties.swift in Sources */,
				E4313D98254830F30045447F /* GameDataTableViewController.swift in Sources */,
				E40F93E926717A3600231511 /* Score+CoreDataProperties.swift in Sources */,
				E42C8937267205D700961EB1 /* GameCreateManager.swift in Sources */,
				E436135D254BC6EE00A2DB3E /* GameResultViewController.swift in Sources */,
				E498854C267368AE004ECB01 /* Game+Additional.swift in Sources */,
				E48EE3CD267753E40001E54D /* GameResultViewModel.swift in Sources */,
				E446733226492AC40092DEFE /* InfoAlertView.swift in Sources */,
				E40F93EF26717A3600231511 /* Player+CoreDataProperties.swift in Sources */,
				E40F93FD26718E2700231511 /* EditDataViewModel.swift in Sources */,
				E446732D264928C90092DEFE /* UIAleartControllerExtension.swift in Sources */,
				E40F93E626717A3600231511 /* Court+CoreDataClass.swift in Sources */,
				E44672AE26455D930092DEFE /* BaseViewController.swift in Sources */,
				E40F93EE26717A3600231511 /* Player+CoreDataClass.swift in Sources */,
				E40F93F226717A3600231511 /* Game+CoreDataClass.swift in Sources */,
				E4514333266F247300BE6329 /* Player+Additional.swift in Sources */,
				E47F20312547D56B00996B19 /* MenuViewController.swift in Sources */,
				E40F93EB26717A3600231511 /* PairingB+CoreDataProperties.swift in Sources */,
				E4324F2F2547EDAB00063A9F /* GameTableViewCell.swift in Sources */,
				E40F93FA26718E1600231511 /* EditDataViewController.swift in Sources */,
				E4467307264574190092DEFE /* MenuViewModel.swift in Sources */,
				E44672FE2645672B0092DEFE /* BaseTableViewController.swift in Sources */,
				E446737F26554FB20092DEFE /* UIColorExtension.swift in Sources */,
				E47F202D2547D56B00996B19 /* AppDelegate.swift in Sources */,
				E452C6F0266A4B68009A6EC3 /* PlayersDefine.swift in Sources */,
				E40F93ED26717A3600231511 /* PairingA+CoreDataProperties.swift in Sources */,
				E44672E72645641E0092DEFE /* UIViewController+Common.swift in Sources */,
				E42C89332672022200961EB1 /* GameDataTableViewModel.swift in Sources */,
				E446737B26554D0C0092DEFE /* GamePlayerViewModel.swift in Sources */,
				E452C6ED266A4038009A6EC3 /* Operators.swift in Sources */,
				E439941F2548DD13007BA523 /* GameDataModelBrain.swift in Sources */,
				E4575096265695590036194F /* PadeLovers.xcdatamodeld in Sources */,
				E439941C2548DBF6007BA523 /* GameDataModel.swift in Sources */,
				E40F93F326717A3600231511 /* Game+CoreDataProperties.swift in Sources */,
				E44672B4264560000092DEFE /* BaseViewModel.swift in Sources */,
				E40F93F026717A3600231511 /* Padel+CoreDataClass.swift in Sources */,
				E452C6FE266B46EC009A6EC3 /* NSAttributedStringExtension.swift in Sources */,
				E42FAD2F2678AFDB00F9B7DD /* PlayerResultCollectionViewCell.swift in Sources */,
				E446731F264828D40092DEFE /* FixedPairViewModel.swift in Sources */,
				E40F93EA26717A3600231511 /* PairingB+CoreDataClass.swift in Sources */,
				E4316C882548828F00EED960 /* FixedPairViewController.swift in Sources */,
				E457509E26569EBB0036194F /* NSPresistentContainerExtension.swift in Sources */,
				E40F93E726717A3600231511 /* Court+CoreDataProperties.swift in Sources */,
				E4575099265698C50036194F /* CoreDataManager.swift in Sources */,
				E47F202F2547D56B00996B19 /* SceneDelegate.swift in Sources */,
				E43994212548DF26007BA523 /* PadelDataRecordBrain.swift in Sources */,
				E451432F266EE5EF00BE6329 /* NSManagedObject+Extensions.swift in Sources */,
			);
			runOnlyForDeploymentPostprocessing = 0;
		};
/* End PBXSourcesBuildPhase section */

/* Begin PBXVariantGroup section */
		E4467318264826230092DEFE /* FixedPair.storyboard */ = {
			isa = PBXVariantGroup;
			children = (
				E4467319264826230092DEFE /* Base */,
			);
			name = FixedPair.storyboard;
			sourceTree = "<group>";
		};
		E4467335264974640092DEFE /* ReplacePlayer.storyboard */ = {
			isa = PBXVariantGroup;
			children = (
				E4467336264974650092DEFE /* Base */,
			);
			name = ReplacePlayer.storyboard;
			sourceTree = "<group>";
		};
		E44673572653C6720092DEFE /* GamePlayer.storyboard */ = {
			isa = PBXVariantGroup;
			children = (
				E44673582653C6720092DEFE /* Base */,
			);
			name = GamePlayer.storyboard;
			sourceTree = "<group>";
		};
		E446736B2655250A0092DEFE /* GameData.storyboard */ = {
			isa = PBXVariantGroup;
			children = (
				E446736C2655250A0092DEFE /* Base */,
			);
			name = GameData.storyboard;
			sourceTree = "<group>";
		};
		E47F20322547D56B00996B19 /* Game.storyboard */ = {
			isa = PBXVariantGroup;
			children = (
				E47F20332547D56B00996B19 /* Base */,
			);
			name = Game.storyboard;
			sourceTree = "<group>";
		};
		E47F20372547D56D00996B19 /* LaunchScreen.storyboard */ = {
			isa = PBXVariantGroup;
			children = (
				E47F20382547D56D00996B19 /* Base */,
			);
			name = LaunchScreen.storyboard;
			sourceTree = "<group>";
		};
/* End PBXVariantGroup section */

/* Begin XCBuildConfiguration section */
		E47F203B2547D56D00996B19 /* Debug */ = {
			isa = XCBuildConfiguration;
			buildSettings = {
				ALWAYS_SEARCH_USER_PATHS = NO;
				CLANG_ANALYZER_NONNULL = YES;
				CLANG_ANALYZER_NUMBER_OBJECT_CONVERSION = YES_AGGRESSIVE;
				CLANG_CXX_LANGUAGE_STANDARD = "gnu++14";
				CLANG_CXX_LIBRARY = "libc++";
				CLANG_ENABLE_MODULES = YES;
				CLANG_ENABLE_OBJC_ARC = YES;
				CLANG_ENABLE_OBJC_WEAK = YES;
				CLANG_WARN_BLOCK_CAPTURE_AUTORELEASING = YES;
				CLANG_WARN_BOOL_CONVERSION = YES;
				CLANG_WARN_COMMA = YES;
				CLANG_WARN_CONSTANT_CONVERSION = YES;
				CLANG_WARN_DEPRECATED_OBJC_IMPLEMENTATIONS = YES;
				CLANG_WARN_DIRECT_OBJC_ISA_USAGE = YES_ERROR;
				CLANG_WARN_DOCUMENTATION_COMMENTS = YES;
				CLANG_WARN_EMPTY_BODY = YES;
				CLANG_WARN_ENUM_CONVERSION = YES;
				CLANG_WARN_INFINITE_RECURSION = YES;
				CLANG_WARN_INT_CONVERSION = YES;
				CLANG_WARN_NON_LITERAL_NULL_CONVERSION = YES;
				CLANG_WARN_OBJC_IMPLICIT_RETAIN_SELF = YES;
				CLANG_WARN_OBJC_LITERAL_CONVERSION = YES;
				CLANG_WARN_OBJC_ROOT_CLASS = YES_ERROR;
				CLANG_WARN_QUOTED_INCLUDE_IN_FRAMEWORK_HEADER = YES;
				CLANG_WARN_RANGE_LOOP_ANALYSIS = YES;
				CLANG_WARN_STRICT_PROTOTYPES = YES;
				CLANG_WARN_SUSPICIOUS_MOVE = YES;
				CLANG_WARN_UNGUARDED_AVAILABILITY = YES_AGGRESSIVE;
				CLANG_WARN_UNREACHABLE_CODE = YES;
				CLANG_WARN__DUPLICATE_METHOD_MATCH = YES;
				COPY_PHASE_STRIP = NO;
				DEBUG_INFORMATION_FORMAT = dwarf;
				ENABLE_STRICT_OBJC_MSGSEND = YES;
				ENABLE_TESTABILITY = YES;
				GCC_C_LANGUAGE_STANDARD = gnu11;
				GCC_DYNAMIC_NO_PIC = NO;
				GCC_NO_COMMON_BLOCKS = YES;
				GCC_OPTIMIZATION_LEVEL = 0;
				GCC_PREPROCESSOR_DEFINITIONS = (
					"DEBUG=1",
					"$(inherited)",
				);
				GCC_WARN_64_TO_32_BIT_CONVERSION = YES;
				GCC_WARN_ABOUT_RETURN_TYPE = YES_ERROR;
				GCC_WARN_UNDECLARED_SELECTOR = YES;
				GCC_WARN_UNINITIALIZED_AUTOS = YES_AGGRESSIVE;
				GCC_WARN_UNUSED_FUNCTION = YES;
				GCC_WARN_UNUSED_VARIABLE = YES;
				IPHONEOS_DEPLOYMENT_TARGET = 13.0;
				MTL_ENABLE_DEBUG_INFO = INCLUDE_SOURCE;
				MTL_FAST_MATH = YES;
				ONLY_ACTIVE_ARCH = YES;
				SDKROOT = iphoneos;
				SWIFT_ACTIVE_COMPILATION_CONDITIONS = DEBUG;
				SWIFT_OPTIMIZATION_LEVEL = "-Onone";
			};
			name = Debug;
		};
		E47F203C2547D56D00996B19 /* Release */ = {
			isa = XCBuildConfiguration;
			buildSettings = {
				ALWAYS_SEARCH_USER_PATHS = NO;
				CLANG_ANALYZER_NONNULL = YES;
				CLANG_ANALYZER_NUMBER_OBJECT_CONVERSION = YES_AGGRESSIVE;
				CLANG_CXX_LANGUAGE_STANDARD = "gnu++14";
				CLANG_CXX_LIBRARY = "libc++";
				CLANG_ENABLE_MODULES = YES;
				CLANG_ENABLE_OBJC_ARC = YES;
				CLANG_ENABLE_OBJC_WEAK = YES;
				CLANG_WARN_BLOCK_CAPTURE_AUTORELEASING = YES;
				CLANG_WARN_BOOL_CONVERSION = YES;
				CLANG_WARN_COMMA = YES;
				CLANG_WARN_CONSTANT_CONVERSION = YES;
				CLANG_WARN_DEPRECATED_OBJC_IMPLEMENTATIONS = YES;
				CLANG_WARN_DIRECT_OBJC_ISA_USAGE = YES_ERROR;
				CLANG_WARN_DOCUMENTATION_COMMENTS = YES;
				CLANG_WARN_EMPTY_BODY = YES;
				CLANG_WARN_ENUM_CONVERSION = YES;
				CLANG_WARN_INFINITE_RECURSION = YES;
				CLANG_WARN_INT_CONVERSION = YES;
				CLANG_WARN_NON_LITERAL_NULL_CONVERSION = YES;
				CLANG_WARN_OBJC_IMPLICIT_RETAIN_SELF = YES;
				CLANG_WARN_OBJC_LITERAL_CONVERSION = YES;
				CLANG_WARN_OBJC_ROOT_CLASS = YES_ERROR;
				CLANG_WARN_QUOTED_INCLUDE_IN_FRAMEWORK_HEADER = YES;
				CLANG_WARN_RANGE_LOOP_ANALYSIS = YES;
				CLANG_WARN_STRICT_PROTOTYPES = YES;
				CLANG_WARN_SUSPICIOUS_MOVE = YES;
				CLANG_WARN_UNGUARDED_AVAILABILITY = YES_AGGRESSIVE;
				CLANG_WARN_UNREACHABLE_CODE = YES;
				CLANG_WARN__DUPLICATE_METHOD_MATCH = YES;
				COPY_PHASE_STRIP = NO;
				DEBUG_INFORMATION_FORMAT = "dwarf-with-dsym";
				ENABLE_NS_ASSERTIONS = NO;
				ENABLE_STRICT_OBJC_MSGSEND = YES;
				GCC_C_LANGUAGE_STANDARD = gnu11;
				GCC_NO_COMMON_BLOCKS = YES;
				GCC_WARN_64_TO_32_BIT_CONVERSION = YES;
				GCC_WARN_ABOUT_RETURN_TYPE = YES_ERROR;
				GCC_WARN_UNDECLARED_SELECTOR = YES;
				GCC_WARN_UNINITIALIZED_AUTOS = YES_AGGRESSIVE;
				GCC_WARN_UNUSED_FUNCTION = YES;
				GCC_WARN_UNUSED_VARIABLE = YES;
				IPHONEOS_DEPLOYMENT_TARGET = 13.0;
				MTL_ENABLE_DEBUG_INFO = NO;
				MTL_FAST_MATH = YES;
				SDKROOT = iphoneos;
				SWIFT_COMPILATION_MODE = wholemodule;
				SWIFT_OPTIMIZATION_LEVEL = "-O";
				VALIDATE_PRODUCT = YES;
			};
			name = Release;
		};
		E47F203E2547D56D00996B19 /* Debug */ = {
			isa = XCBuildConfiguration;
			baseConfigurationReference = 621A020FB01D3566D822BC7F /* Pods-PadeLovers.debug.xcconfig */;
			buildSettings = {
				ASSETCATALOG_COMPILER_APPICON_NAME = AppIcon;
				CODE_SIGN_STYLE = Automatic;
				CURRENT_PROJECT_VERSION = 1.0.3;
				DEVELOPMENT_TEAM = VKV3Y2GW5Q;
				INFOPLIST_FILE = PadeLovers/Info.plist;
				IPHONEOS_DEPLOYMENT_TARGET = 13.0;
				LD_RUNPATH_SEARCH_PATHS = (
					"$(inherited)",
					"@executable_path/Frameworks",
				);
				MARKETING_VERSION = 1.0.3;
				PRODUCT_BUNDLE_IDENTIFIER = com.yoshitaka.PadeLovers;
				PRODUCT_NAME = "$(TARGET_NAME)";
				SWIFT_VERSION = 5.0;
				TARGETED_DEVICE_FAMILY = "1,2";
			};
			name = Debug;
		};
		E47F203F2547D56D00996B19 /* Release */ = {
			isa = XCBuildConfiguration;
			baseConfigurationReference = E8911760E1ABF8DB5F2D01DD /* Pods-PadeLovers.release.xcconfig */;
			buildSettings = {
				ASSETCATALOG_COMPILER_APPICON_NAME = AppIcon;
				CODE_SIGN_STYLE = Automatic;
				CURRENT_PROJECT_VERSION = 1.0.3;
				DEVELOPMENT_TEAM = VKV3Y2GW5Q;
				INFOPLIST_FILE = PadeLovers/Info.plist;
				IPHONEOS_DEPLOYMENT_TARGET = 13.0;
				LD_RUNPATH_SEARCH_PATHS = (
					"$(inherited)",
					"@executable_path/Frameworks",
				);
				MARKETING_VERSION = 1.0.3;
				PRODUCT_BUNDLE_IDENTIFIER = com.yoshitaka.PadeLovers;
				PRODUCT_NAME = "$(TARGET_NAME)";
				SWIFT_VERSION = 5.0;
				TARGETED_DEVICE_FAMILY = "1,2";
			};
			name = Release;
		};
/* End XCBuildConfiguration section */

/* Begin XCConfigurationList section */
		E47F20242547D56B00996B19 /* Build configuration list for PBXProject "PadeLovers" */ = {
			isa = XCConfigurationList;
			buildConfigurations = (
				E47F203B2547D56D00996B19 /* Debug */,
				E47F203C2547D56D00996B19 /* Release */,
			);
			defaultConfigurationIsVisible = 0;
			defaultConfigurationName = Release;
		};
		E47F203D2547D56D00996B19 /* Build configuration list for PBXNativeTarget "PadeLovers" */ = {
			isa = XCConfigurationList;
			buildConfigurations = (
				E47F203E2547D56D00996B19 /* Debug */,
				E47F203F2547D56D00996B19 /* Release */,
			);
			defaultConfigurationIsVisible = 0;
			defaultConfigurationName = Release;
		};
/* End XCConfigurationList section */

/* Begin XCVersionGroup section */
		E4575094265695590036194F /* PadeLovers.xcdatamodeld */ = {
			isa = XCVersionGroup;
			children = (
				E4575095265695590036194F /* PadeLovers.xcdatamodel */,
			);
			currentVersion = E4575095265695590036194F /* PadeLovers.xcdatamodel */;
			path = PadeLovers.xcdatamodeld;
			sourceTree = "<group>";
			versionGroupType = wrapper.xcdatamodel;
		};
/* End XCVersionGroup section */
	};
	rootObject = E47F20212547D56B00996B19 /* Project object */;
}
