PODS:
  - RxCocoa (6.2.0):
    - RxRelay (= 6.2.0)
    - RxSwift (= 6.2.0)
  - RxRelay (6.2.0):
    - RxSwift (= 6.2.0)
  - RxSwift (6.2.0)
  - SwiftLint (0.46.2)

DEPENDENCIES:
  - RxCocoa (~> 6.2.0)
  - RxSwift (~> 6.2.0)
  - SwiftLint

SPEC REPOS:
  trunk:
    - RxCocoa
    - RxRelay
    - RxSwift
    - SwiftLint

SPEC CHECKSUMS:
  RxCocoa: 4baf94bb35f2c0ab31bc0cb9f1900155f646ba42
  RxRelay: e72dbfd157807478401ef1982e1c61c945c94b2f
  RxSwift: d356ab7bee873611322f134c5f9ef379fa183d8f
  SwiftLint: 6bc52a21f0fd44cab9aa2dc8e534fb9f5e3ec507

PODFILE CHECKSUM: 420b06fc9b4b0e4bb2dbb031e2acc86a713b7a02

COCOAPODS: 1.11.2
